// !$*UTF8*$!
{
	archiveVersion = 1;
	classes = {
	};
	objectVersion = 46;
	objects = {

/* Begin PBXBuildFile section */
		80B9AD901B84203C00479598 /* AppDelegate.swift in Sources */ = {isa = PBXBuildFile; fileRef = 80B9AD8F1B84203C00479598 /* AppDelegate.swift */; };
		80B9AD921B84203C00479598 /* ViewController.swift in Sources */ = {isa = PBXBuildFile; fileRef = 80B9AD911B84203C00479598 /* ViewController.swift */; };
		80B9AD951B84203C00479598 /* Main.storyboard in Resources */ = {isa = PBXBuildFile; fileRef = 80B9AD931B84203C00479598 /* Main.storyboard */; };
		80B9AD971B84203C00479598 /* Images.xcassets in Resources */ = {isa = PBXBuildFile; fileRef = 80B9AD961B84203C00479598 /* Images.xcassets */; };
		80B9AD9A1B84203C00479598 /* LaunchScreen.xib in Resources */ = {isa = PBXBuildFile; fileRef = 80B9AD981B84203C00479598 /* LaunchScreen.xib */; };
		80B9ADA61B84203C00479598 /* GaoDeMapTestTests.swift in Sources */ = {isa = PBXBuildFile; fileRef = 80B9ADA51B84203C00479598 /* GaoDeMapTestTests.swift */; };
		80B9ADB01B84248C00479598 /* MAMapKit.framework in Frameworks */ = {isa = PBXBuildFile; fileRef = 80B9ADAF1B84248C00479598 /* MAMapKit.framework */; };
		80B9ADB31B8424F200479598 /* UIKit.framework in Frameworks */ = {isa = PBXBuildFile; fileRef = 80B9ADB21B8424F200479598 /* UIKit.framework */; };
		80B9ADB51B8424FA00479598 /* Foundation.framework in Frameworks */ = {isa = PBXBuildFile; fileRef = 80B9ADB41B8424FA00479598 /* Foundation.framework */; };
		80B9ADB71B84250500479598 /* CoreGraphics.framework in Frameworks */ = {isa = PBXBuildFile; fileRef = 80B9ADB61B84250500479598 /* CoreGraphics.framework */; };
		80B9ADB91B84250F00479598 /* QuartzCore.framework in Frameworks */ = {isa = PBXBuildFile; fileRef = 80B9ADB81B84250F00479598 /* QuartzCore.framework */; };
		80B9ADBB1B84251800479598 /* OpenGLES.framework in Frameworks */ = {isa = PBXBuildFile; fileRef = 80B9ADBA1B84251800479598 /* OpenGLES.framework */; };
		80B9ADBD1B84252200479598 /* CoreLocation.framework in Frameworks */ = {isa = PBXBuildFile; fileRef = 80B9ADBC1B84252200479598 /* CoreLocation.framework */; };
		80B9ADBF1B84252B00479598 /* CoreTelephony.framework in Frameworks */ = {isa = PBXBuildFile; fileRef = 80B9ADBE1B84252B00479598 /* CoreTelephony.framework */; };
		80B9ADC11B84253300479598 /* SystemConfiguration.framework in Frameworks */ = {isa = PBXBuildFile; fileRef = 80B9ADC01B84253300479598 /* SystemConfiguration.framework */; };
		80B9ADC31B84253E00479598 /* libz.dylib in Frameworks */ = {isa = PBXBuildFile; fileRef = 80B9ADC21B84253E00479598 /* libz.dylib */; };
		80B9ADC51B84254800479598 /* libstdc++.6.0.9.dylib in Frameworks */ = {isa = PBXBuildFile; fileRef = 80B9ADC41B84254800479598 /* libstdc++.6.0.9.dylib */; };
		80B9ADC71B84255100479598 /* Security.framework in Frameworks */ = {isa = PBXBuildFile; fileRef = 80B9ADC61B84255100479598 /* Security.framework */; };
		80B9ADCA1B8426AB00479598 /* AMapSearchKit.framework in Frameworks */ = {isa = PBXBuildFile; fileRef = 80B9ADC91B8426AB00479598 /* AMapSearchKit.framework */; };
		80B9ADCC1B84285000479598 /* AMap.bundle in Resources */ = {isa = PBXBuildFile; fileRef = 80B9ADCB1B84285000479598 /* AMap.bundle */; };
		80C914B51B84C57200825C3D /* search.png in Resources */ = {isa = PBXBuildFile; fileRef = 80C914B41B84C57200825C3D /* search.png */; };
		80C914B71B84C5A500825C3D /* DeviceData.swift in Sources */ = {isa = PBXBuildFile; fileRef = 80C914B61B84C5A500825C3D /* DeviceData.swift */; };
		80C914BA1B84C7F900825C3D /* locationed.png in Resources */ = {isa = PBXBuildFile; fileRef = 80C914B81B84C7F900825C3D /* locationed.png */; };
		80C914BB1B84C7F900825C3D /* locationing.png in Resources */ = {isa = PBXBuildFile; fileRef = 80C914B91B84C7F900825C3D /* locationing.png */; };
/* End PBXBuildFile section */

/* Begin PBXContainerItemProxy section */
		80B9ADA01B84203C00479598 /* PBXContainerItemProxy */ = {
			isa = PBXContainerItemProxy;
			containerPortal = 80B9AD821B84203B00479598 /* Project object */;
			proxyType = 1;
			remoteGlobalIDString = 80B9AD891B84203B00479598;
			remoteInfo = GaoDeMapTest;
		};
/* End PBXContainerItemProxy section */

/* Begin PBXFileReference section */
		80B9AD8A1B84203B00479598 /* GaoDeMapTest.app */ = {isa = PBXFileReference; explicitFileType = wrapper.application; includeInIndex = 0; path = GaoDeMapTest.app; sourceTree = BUILT_PRODUCTS_DIR; };
		80B9AD8E1B84203C00479598 /* Info.plist */ = {isa = PBXFileReference; lastKnownFileType = text.plist.xml; path = Info.plist; sourceTree = "<group>"; };
		80B9AD8F1B84203C00479598 /* AppDelegate.swift */ = {isa = PBXFileReference; lastKnownFileType = sourcecode.swift; path = AppDelegate.swift; sourceTree = "<group>"; };
		80B9AD911B84203C00479598 /* ViewController.swift */ = {isa = PBXFileReference; lastKnownFileType = sourcecode.swift; path = ViewController.swift; sourceTree = "<group>"; };
		80B9AD941B84203C00479598 /* Base */ = {isa = PBXFileReference; lastKnownFileType = file.storyboard; name = Base; path = Base.lproj/Main.storyboard; sourceTree = "<group>"; };
		80B9AD961B84203C00479598 /* Images.xcassets */ = {isa = PBXFileReference; lastKnownFileType = folder.assetcatalog; path = Images.xcassets; sourceTree = "<group>"; };
		80B9AD991B84203C00479598 /* Base */ = {isa = PBXFileReference; lastKnownFileType = file.xib; name = Base; path = Base.lproj/LaunchScreen.xib; sourceTree = "<group>"; };
		80B9AD9F1B84203C00479598 /* GaoDeMapTestTests.xctest */ = {isa = PBXFileReference; explicitFileType = wrapper.cfbundle; includeInIndex = 0; path = GaoDeMapTestTests.xctest; sourceTree = BUILT_PRODUCTS_DIR; };
		80B9ADA41B84203C00479598 /* Info.plist */ = {isa = PBXFileReference; lastKnownFileType = text.plist.xml; path = Info.plist; sourceTree = "<group>"; };
		80B9ADA51B84203C00479598 /* GaoDeMapTestTests.swift */ = {isa = PBXFileReference; lastKnownFileType = sourcecode.swift; path = GaoDeMapTestTests.swift; sourceTree = "<group>"; };
		80B9ADAF1B84248C00479598 /* MAMapKit.framework */ = {isa = PBXFileReference; lastKnownFileType = wrapper.framework; path = MAMapKit.framework; sourceTree = "<group>"; };
		80B9ADB21B8424F200479598 /* UIKit.framework */ = {isa = PBXFileReference; lastKnownFileType = wrapper.framework; name = UIKit.framework; path = System/Library/Frameworks/UIKit.framework; sourceTree = SDKROOT; };
		80B9ADB41B8424FA00479598 /* Foundation.framework */ = {isa = PBXFileReference; lastKnownFileType = wrapper.framework; name = Foundation.framework; path = System/Library/Frameworks/Foundation.framework; sourceTree = SDKROOT; };
		80B9ADB61B84250500479598 /* CoreGraphics.framework */ = {isa = PBXFileReference; lastKnownFileType = wrapper.framework; name = CoreGraphics.framework; path = System/Library/Frameworks/CoreGraphics.framework; sourceTree = SDKROOT; };
		80B9ADB81B84250F00479598 /* QuartzCore.framework */ = {isa = PBXFileReference; lastKnownFileType = wrapper.framework; name = QuartzCore.framework; path = System/Library/Frameworks/QuartzCore.framework; sourceTree = SDKROOT; };
		80B9ADBA1B84251800479598 /* OpenGLES.framework */ = {isa = PBXFileReference; lastKnownFileType = wrapper.framework; name = OpenGLES.framework; path = System/Library/Frameworks/OpenGLES.framework; sourceTree = SDKROOT; };
		80B9ADBC1B84252200479598 /* CoreLocation.framework */ = {isa = PBXFileReference; lastKnownFileType = wrapper.framework; name = CoreLocation.framework; path = System/Library/Frameworks/CoreLocation.framework; sourceTree = SDKROOT; };
		80B9ADBE1B84252B00479598 /* CoreTelephony.framework */ = {isa = PBXFileReference; lastKnownFileType = wrapper.framework; name = CoreTelephony.framework; path = System/Library/Frameworks/CoreTelephony.framework; sourceTree = SDKROOT; };
		80B9ADC01B84253300479598 /* SystemConfiguration.framework */ = {isa = PBXFileReference; lastKnownFileType = wrapper.framework; name = SystemConfiguration.framework; path = System/Library/Frameworks/SystemConfiguration.framework; sourceTree = SDKROOT; };
		80B9ADC21B84253E00479598 /* libz.dylib */ = {isa = PBXFileReference; lastKnownFileType = "compiled.mach-o.dylib"; name = libz.dylib; path = usr/lib/libz.dylib; sourceTree = SDKROOT; };
		80B9ADC41B84254800479598 /* libstdc++.6.0.9.dylib */ = {isa = PBXFileReference; lastKnownFileType = "compiled.mach-o.dylib"; name = "libstdc++.6.0.9.dylib"; path = "usr/lib/libstdc++.6.0.9.dylib"; sourceTree = SDKROOT; };
		80B9ADC61B84255100479598 /* Security.framework */ = {isa = PBXFileReference; lastKnownFileType = wrapper.framework; name = Security.framework; path = System/Library/Frameworks/Security.framework; sourceTree = SDKROOT; };
		80B9ADC81B8425BB00479598 /* AMapDemoSwift-Bridging-Header.h */ = {isa = PBXFileReference; lastKnownFileType = sourcecode.c.h; path = "AMapDemoSwift-Bridging-Header.h"; sourceTree = "<group>"; };
		80B9ADC91B8426AB00479598 /* AMapSearchKit.framework */ = {isa = PBXFileReference; lastKnownFileType = wrapper.framework; path = AMapSearchKit.framework; sourceTree = "<group>"; };
		80B9ADCB1B84285000479598 /* AMap.bundle */ = {isa = PBXFileReference; lastKnownFileType = "wrapper.plug-in"; path = AMap.bundle; sourceTree = "<group>"; };
		80C914B41B84C57200825C3D /* search.png */ = {isa = PBXFileReference; lastKnownFileType = image.png; path = search.png; sourceTree = "<group>"; };
		80C914B61B84C5A500825C3D /* DeviceData.swift */ = {isa = PBXFileReference; fileEncoding = 4; lastKnownFileType = sourcecode.swift; path = DeviceData.swift; sourceTree = "<group>"; };
		80C914B81B84C7F900825C3D /* locationed.png */ = {isa = PBXFileReference; lastKnownFileType = image.png; path = locationed.png; sourceTree = "<group>"; };
		80C914B91B84C7F900825C3D /* locationing.png */ = {isa = PBXFileReference; lastKnownFileType = image.png; path = locationing.png; sourceTree = "<group>"; };
/* End PBXFileReference section */

/* Begin PBXFrameworksBuildPhase section */
		80B9AD871B84203B00479598 /* Frameworks */ = {
			isa = PBXFrameworksBuildPhase;
			buildActionMask = 2147483647;
			files = (
				80B9ADC71B84255100479598 /* Security.framework in Frameworks */,
				80B9ADC51B84254800479598 /* libstdc++.6.0.9.dylib in Frameworks */,
				80B9ADC31B84253E00479598 /* libz.dylib in Frameworks */,
				80B9ADC11B84253300479598 /* SystemConfiguration.framework in Frameworks */,
				80B9ADBF1B84252B00479598 /* CoreTelephony.framework in Frameworks */,
				80B9ADBD1B84252200479598 /* CoreLocation.framework in Frameworks */,
				80B9ADBB1B84251800479598 /* OpenGLES.framework in Frameworks */,
				80B9ADCA1B8426AB00479598 /* AMapSearchKit.framework in Frameworks */,
				80B9ADB91B84250F00479598 /* QuartzCore.framework in Frameworks */,
				80B9ADB71B84250500479598 /* CoreGraphics.framework in Frameworks */,
				80B9ADB51B8424FA00479598 /* Foundation.framework in Frameworks */,
				80B9ADB31B8424F200479598 /* UIKit.framework in Frameworks */,
				80B9ADB01B84248C00479598 /* MAMapKit.framework in Frameworks */,
			);
			runOnlyForDeploymentPostprocessing = 0;
		};
		80B9AD9C1B84203C00479598 /* Frameworks */ = {
			isa = PBXFrameworksBuildPhase;
			buildActionMask = 2147483647;
			files = (
			);
			runOnlyForDeploymentPostprocessing = 0;
		};
/* End PBXFrameworksBuildPhase section */

/* Begin PBXGroup section */
		80B9AD811B84203B00479598 = {
			isa = PBXGroup;
			children = (
				80B9AD8C1B84203B00479598 /* GaoDeMapTest */,
				80B9ADA21B84203C00479598 /* GaoDeMapTestTests */,
				80B9AD8B1B84203B00479598 /* Products */,
			);
			sourceTree = "<group>";
		};
		80B9AD8B1B84203B00479598 /* Products */ = {
			isa = PBXGroup;
			children = (
				80B9AD8A1B84203B00479598 /* GaoDeMapTest.app */,
				80B9AD9F1B84203C00479598 /* GaoDeMapTestTests.xctest */,
			);
			name = Products;
			sourceTree = "<group>";
		};
		80B9AD8C1B84203B00479598 /* GaoDeMapTest */ = {
			isa = PBXGroup;
			children = (
				80C914B31B84C56600825C3D /* image */,
				80B9ADB11B8424DB00479598 /* Framework */,
				80B9AD8F1B84203C00479598 /* AppDelegate.swift */,
				80B9ADC81B8425BB00479598 /* AMapDemoSwift-Bridging-Header.h */,
				80B9AD911B84203C00479598 /* ViewController.swift */,
				80C914B61B84C5A500825C3D /* DeviceData.swift */,
				80B9AD931B84203C00479598 /* Main.storyboard */,
				80B9AD961B84203C00479598 /* Images.xcassets */,
				80B9AD981B84203C00479598 /* LaunchScreen.xib */,
				80B9AD8D1B84203C00479598 /* Supporting Files */,
			);
			path = GaoDeMapTest;
			sourceTree = "<group>";
		};
		80B9AD8D1B84203C00479598 /* Supporting Files */ = {
			isa = PBXGroup;
			children = (
				80B9AD8E1B84203C00479598 /* Info.plist */,
			);
			name = "Supporting Files";
			sourceTree = "<group>";
		};
		80B9ADA21B84203C00479598 /* GaoDeMapTestTests */ = {
			isa = PBXGroup;
			children = (
				80B9ADA51B84203C00479598 /* GaoDeMapTestTests.swift */,
				80B9ADA31B84203C00479598 /* Supporting Files */,
			);
			path = GaoDeMapTestTests;
			sourceTree = "<group>";
		};
		80B9ADA31B84203C00479598 /* Supporting Files */ = {
			isa = PBXGroup;
			children = (
				80B9ADA41B84203C00479598 /* Info.plist */,
			);
			name = "Supporting Files";
			sourceTree = "<group>";
		};
		80B9ADB11B8424DB00479598 /* Framework */ = {
			isa = PBXGroup;
			children = (
				80B9ADCB1B84285000479598 /* AMap.bundle */,
				80B9ADC91B8426AB00479598 /* AMapSearchKit.framework */,
				80B9ADC61B84255100479598 /* Security.framework */,
				80B9ADC41B84254800479598 /* libstdc++.6.0.9.dylib */,
				80B9ADC21B84253E00479598 /* libz.dylib */,
				80B9ADC01B84253300479598 /* SystemConfiguration.framework */,
				80B9ADBE1B84252B00479598 /* CoreTelephony.framework */,
				80B9ADBC1B84252200479598 /* CoreLocation.framework */,
				80B9ADBA1B84251800479598 /* OpenGLES.framework */,
				80B9ADB81B84250F00479598 /* QuartzCore.framework */,
				80B9ADB61B84250500479598 /* CoreGraphics.framework */,
				80B9ADB41B8424FA00479598 /* Foundation.framework */,
				80B9ADB21B8424F200479598 /* UIKit.framework */,
				80B9ADAF1B84248C00479598 /* MAMapKit.framework */,
			);
			name = Framework;
			sourceTree = "<group>";
		};
		80C914B31B84C56600825C3D /* image */ = {
			isa = PBXGroup;
			children = (
				80C914B81B84C7F900825C3D /* locationed.png */,
				80C914B91B84C7F900825C3D /* locationing.png */,
				80C914B41B84C57200825C3D /* search.png */,
			);
			name = image;
			sourceTree = "<group>";
		};
/* End PBXGroup section */

/* Begin PBXNativeTarget section */
		80B9AD891B84203B00479598 /* GaoDeMapTest */ = {
			isa = PBXNativeTarget;
			buildConfigurationList = 80B9ADA91B84203C00479598 /* Build configuration list for PBXNativeTarget "GaoDeMapTest" */;
			buildPhases = (
				80B9AD861B84203B00479598 /* Sources */,
				80B9AD871B84203B00479598 /* Frameworks */,
				80B9AD881B84203B00479598 /* Resources */,
			);
			buildRules = (
			);
			dependencies = (
			);
			name = GaoDeMapTest;
			productName = GaoDeMapTest;
			productReference = 80B9AD8A1B84203B00479598 /* GaoDeMapTest.app */;
			productType = "com.apple.product-type.application";
		};
		80B9AD9E1B84203C00479598 /* GaoDeMapTestTests */ = {
			isa = PBXNativeTarget;
			buildConfigurationList = 80B9ADAC1B84203C00479598 /* Build configuration list for PBXNativeTarget "GaoDeMapTestTests" */;
			buildPhases = (
				80B9AD9B1B84203C00479598 /* Sources */,
				80B9AD9C1B84203C00479598 /* Frameworks */,
				80B9AD9D1B84203C00479598 /* Resources */,
			);
			buildRules = (
			);
			dependencies = (
				80B9ADA11B84203C00479598 /* PBXTargetDependency */,
			);
			name = GaoDeMapTestTests;
			productName = GaoDeMapTestTests;
			productReference = 80B9AD9F1B84203C00479598 /* GaoDeMapTestTests.xctest */;
			productType = "com.apple.product-type.bundle.unit-test";
		};
/* End PBXNativeTarget section */

/* Begin PBXProject section */
		80B9AD821B84203B00479598 /* Project object */ = {
			isa = PBXProject;
			attributes = {
				LastUpgradeCheck = 0640;
				ORGANIZATIONNAME = goofyy;
				TargetAttributes = {
					80B9AD891B84203B00479598 = {
						CreatedOnToolsVersion = 6.4;
					};
					80B9AD9E1B84203C00479598 = {
						CreatedOnToolsVersion = 6.4;
						TestTargetID = 80B9AD891B84203B00479598;
					};
				};
			};
			buildConfigurationList = 80B9AD851B84203B00479598 /* Build configuration list for PBXProject "GaoDeMapTest" */;
			compatibilityVersion = "Xcode 3.2";
			developmentRegion = English;
			hasScannedForEncodings = 0;
			knownRegions = (
				en,
				Base,
			);
			mainGroup = 80B9AD811B84203B00479598;
			productRefGroup = 80B9AD8B1B84203B00479598 /* Products */;
			projectDirPath = "";
			projectRoot = "";
			targets = (
				80B9AD891B84203B00479598 /* GaoDeMapTest */,
				80B9AD9E1B84203C00479598 /* GaoDeMapTestTests */,
			);
		};
/* End PBXProject section */

/* Begin PBXResourcesBuildPhase section */
		80B9AD881B84203B00479598 /* Resources */ = {
			isa = PBXResourcesBuildPhase;
			buildActionMask = 2147483647;
			files = (
				80C914B51B84C57200825C3D /* search.png in Resources */,
				80B9AD951B84203C00479598 /* Main.storyboard in Resources */,
				80B9AD9A1B84203C00479598 /* LaunchScreen.xib in Resources */,
				80B9ADCC1B84285000479598 /* AMap.bundle in Resources */,
				80B9AD971B84203C00479598 /* Images.xcassets in Resources */,
				80C914BB1B84C7F900825C3D /* locationing.png in Resources */,
				80C914BA1B84C7F900825C3D /* locationed.png in Resources */,
			);
			runOnlyForDeploymentPostprocessing = 0;
		};
		80B9AD9D1B84203C00479598 /* Resources */ = {
			isa = PBXResourcesBuildPhase;
			buildActionMask = 2147483647;
			files = (
			);
			runOnlyForDeploymentPostprocessing = 0;
		};
/* End PBXResourcesBuildPhase section */

/* Begin PBXSourcesBuildPhase section */
		80B9AD861B84203B00479598 /* Sources */ = {
			isa = PBXSourcesBuildPhase;
			buildActionMask = 2147483647;
			files = (
				80B9AD921B84203C00479598 /* ViewController.swift in Sources */,
				80B9AD901B84203C00479598 /* AppDelegate.swift in Sources */,
				80C914B71B84C5A500825C3D /* DeviceData.swift in Sources */,
			);
			runOnlyForDeploymentPostprocessing = 0;
		};
		80B9AD9B1B84203C00479598 /* Sources */ = {
			isa = PBXSourcesBuildPhase;
			buildActionMask = 2147483647;
			files = (
				80B9ADA61B84203C00479598 /* GaoDeMapTestTests.swift in Sources */,
			);
			runOnlyForDeploymentPostprocessing = 0;
		};
/* End PBXSourcesBuildPhase section */

/* Begin PBXTargetDependency section */
		80B9ADA11B84203C00479598 /* PBXTargetDependency */ = {
			isa = PBXTargetDependency;
			target = 80B9AD891B84203B00479598 /* GaoDeMapTest */;
			targetProxy = 80B9ADA01B84203C00479598 /* PBXContainerItemProxy */;
		};
/* End PBXTargetDependency section */

/* Begin PBXVariantGroup section */
		80B9AD931B84203C00479598 /* Main.storyboard */ = {
			isa = PBXVariantGroup;
			children = (
				80B9AD941B84203C00479598 /* Base */,
			);
			name = Main.storyboard;
			sourceTree = "<group>";
		};
		80B9AD981B84203C00479598 /* LaunchScreen.xib */ = {
			isa = PBXVariantGroup;
			children = (
				80B9AD991B84203C00479598 /* Base */,
			);
			name = LaunchScreen.xib;
			sourceTree = "<group>";
		};
/* End PBXVariantGroup section */

/* Begin XCBuildConfiguration section */
		80B9ADA71B84203C00479598 /* Debug */ = {
			isa = XCBuildConfiguration;
			buildSettings = {
				ALWAYS_SEARCH_USER_PATHS = NO;
				CLANG_CXX_LANGUAGE_STANDARD = "gnu++0x";
				CLANG_CXX_LIBRARY = "libc++";
				CLANG_ENABLE_MODULES = YES;
				CLANG_ENABLE_OBJC_ARC = YES;
				CLANG_WARN_BOOL_CONVERSION = YES;
				CLANG_WARN_CONSTANT_CONVERSION = YES;
				CLANG_WARN_DIRECT_OBJC_ISA_USAGE = YES_ERROR;
				CLANG_WARN_EMPTY_BODY = YES;
				CLANG_WARN_ENUM_CONVERSION = YES;
				CLANG_WARN_INT_CONVERSION = YES;
				CLANG_WARN_OBJC_ROOT_CLASS = YES_ERROR;
				CLANG_WARN_UNREACHABLE_CODE = YES;
				CLANG_WARN__DUPLICATE_METHOD_MATCH = YES;
				"CODE_SIGN_IDENTITY[sdk=iphoneos*]" = "iPhone Developer";
				COPY_PHASE_STRIP = NO;
				DEBUG_INFORMATION_FORMAT = "dwarf-with-dsym";
				ENABLE_STRICT_OBJC_MSGSEND = YES;
				GCC_C_LANGUAGE_STANDARD = gnu99;
				GCC_DYNAMIC_NO_PIC = NO;
				GCC_NO_COMMON_BLOCKS = YES;
				GCC_OPTIMIZATION_LEVEL = 0;
				GCC_PREPROCESSOR_DEFINITIONS = (
					"DEBUG=1",
					"$(inherited)",
				);
				GCC_SYMBOLS_PRIVATE_EXTERN = NO;
				GCC_WARN_64_TO_32_BIT_CONVERSION = YES;
				GCC_WARN_ABOUT_RETURN_TYPE = YES_ERROR;
				GCC_WARN_UNDECLARED_SELECTOR = YES;
				GCC_WARN_UNINITIALIZED_AUTOS = YES_AGGRESSIVE;
				GCC_WARN_UNUSED_FUNCTION = YES;
				GCC_WARN_UNUSED_VARIABLE = YES;
				IPHONEOS_DEPLOYMENT_TARGET = 8.4;
				MTL_ENABLE_DEBUG_INFO = YES;
				ONLY_ACTIVE_ARCH = YES;
				SDKROOT = iphoneos;
				SWIFT_OPTIMIZATION_LEVEL = "-Onone";
			};
			name = Debug;
		};
		80B9ADA81B84203C00479598 /* Release */ = {
			isa = XCBuildConfiguration;
			buildSettings = {
				ALWAYS_SEARCH_USER_PATHS = NO;
				CLANG_CXX_LANGUAGE_STANDARD = "gnu++0x";
				CLANG_CXX_LIBRARY = "libc++";
				CLANG_ENABLE_MODULES = YES;
				CLANG_ENABLE_OBJC_ARC = YES;
				CLANG_WARN_BOOL_CONVERSION = YES;
				CLANG_WARN_CONSTANT_CONVERSION = YES;
				CLANG_WARN_DIRECT_OBJC_ISA_USAGE = YES_ERROR;
				CLANG_WARN_EMPTY_BODY = YES;
				CLANG_WARN_ENUM_CONVERSION = YES;
				CLANG_WARN_INT_CONVERSION = YES;
				CLANG_WARN_OBJC_ROOT_CLASS = YES_ERROR;
				CLANG_WARN_UNREACHABLE_CODE = YES;
				CLANG_WARN__DUPLICATE_METHOD_MATCH = YES;
				"CODE_SIGN_IDENTITY[sdk=iphoneos*]" = "iPhone Developer";
				COPY_PHASE_STRIP = NO;
				DEBUG_INFORMATION_FORMAT = "dwarf-with-dsym";
				ENABLE_NS_ASSERTIONS = NO;
				ENABLE_STRICT_OBJC_MSGSEND = YES;
				GCC_C_LANGUAGE_STANDARD = gnu99;
				GCC_NO_COMMON_BLOCKS = YES;
				GCC_WARN_64_TO_32_BIT_CONVERSION = YES;
				GCC_WARN_ABOUT_RETURN_TYPE = YES_ERROR;
				GCC_WARN_UNDECLARED_SELECTOR = YES;
				GCC_WARN_UNINITIALIZED_AUTOS = YES_AGGRESSIVE;
				GCC_WARN_UNUSED_FUNCTION = YES;
				GCC_WARN_UNUSED_VARIABLE = YES;
				IPHONEOS_DEPLOYMENT_TARGET = 8.4;
				MTL_ENABLE_DEBUG_INFO = NO;
				SDKROOT = iphoneos;
				VALIDATE_PRODUCT = YES;
			};
			name = Release;
		};
		80B9ADAA1B84203C00479598 /* Debug */ = {
			isa = XCBuildConfiguration;
			buildSettings = {
				ASSETCATALOG_COMPILER_APPICON_NAME = AppIcon;
				FRAMEWORK_SEARCH_PATHS = (
					"$(inherited)",
					"$(PROJECT_DIR)/GaoDeMapTest",
				);
				INFOPLIST_FILE = GaoDeMapTest/Info.plist;
				LD_RUNPATH_SEARCH_PATHS = "$(inherited) @executable_path/Frameworks";
				PRODUCT_NAME = "$(TARGET_NAME)";
				SWIFT_OBJC_BRIDGING_HEADER = "GaoDeMapTest/AMapDemoSwift-Bridging-Header.h";
			};
			name = Debug;
		};
		80B9ADAB1B84203C00479598 /* Release */ = {
			isa = XCBuildConfiguration;
			buildSettings = {
				ASSETCATALOG_COMPILER_APPICON_NAME = AppIcon;
				FRAMEWORK_SEARCH_PATHS = (
					"$(inherited)",
					"$(PROJECT_DIR)/GaoDeMapTest",
				);
				INFOPLIST_FILE = GaoDeMapTest/Info.plist;
				LD_RUNPATH_SEARCH_PATHS = "$(inherited) @executable_path/Frameworks";
				PRODUCT_NAME = "$(TARGET_NAME)";
				SWIFT_OBJC_BRIDGING_HEADER = "GaoDeMapTest/AMapDemoSwift-Bridging-Header.h";
			};
			name = Release;
		};
		80B9ADAD1B84203C00479598 /* Debug */ = {
			isa = XCBuildConfiguration;
			buildSettings = {
				BUNDLE_LOADER = "$(TEST_HOST)";
				FRAMEWORK_SEARCH_PATHS = (
					"$(SDKROOT)/Developer/Library/Frameworks",
					"$(inherited)",
				);
				GCC_PREPROCESSOR_DEFINITIONS = (
					"DEBUG=1",
					"$(inherited)",
				);
				INFOPLIST_FILE = GaoDeMapTestTests/Info.plist;
				LD_RUNPATH_SEARCH_PATHS = "$(inherited) @executable_path/Frameworks @loader_path/Frameworks";
				PRODUCT_NAME = "$(TARGET_NAME)";
				TEST_HOST = "$(BUILT_PRODUCTS_DIR)/GaoDeMapTest.app/GaoDeMapTest";
			};
			name = Debug;
		};
		80B9ADAE1B84203C00479598 /* Release */ = {
			isa = XCBuildConfiguration;
			buildSettings = {
				BUNDLE_LOADER = "$(TEST_HOST)";
				FRAMEWORK_SEARCH_PATHS = (
					"$(SDKROOT)/Developer/Library/Frameworks",
					"$(inherited)",
				);
				INFOPLIST_FILE = GaoDeMapTestTests/Info.plist;
				LD_RUNPATH_SEARCH_PATHS = "$(inherited) @executable_path/Frameworks @loader_path/Frameworks";
				PRODUCT_NAME = "$(TARGET_NAME)";
				TEST_HOST = "$(BUILT_PRODUCTS_DIR)/GaoDeMapTest.app/GaoDeMapTest";
			};
			name = Release;
		};
/* End XCBuildConfiguration section */

/* Begin XCConfigurationList section */
		80B9AD851B84203B00479598 /* Build configuration list for PBXProject "GaoDeMapTest" */ = {
			isa = XCConfigurationList;
			buildConfigurations = (
				80B9ADA71B84203C00479598 /* Debug */,
				80B9ADA81B84203C00479598 /* Release */,
			);
			defaultConfigurationIsVisible = 0;
			defaultConfigurationName = Release;
		};
		80B9ADA91B84203C00479598 /* Build configuration list for PBXNativeTarget "GaoDeMapTest" */ = {
			isa = XCConfigurationList;
			buildConfigurations = (
				80B9ADAA1B84203C00479598 /* Debug */,
				80B9ADAB1B84203C00479598 /* Release */,
			);
			defaultConfigurationIsVisible = 0;
			defaultConfigurationName = Release;
		};
		80B9ADAC1B84203C00479598 /* Build configuration list for PBXNativeTarget "GaoDeMapTestTests" */ = {
			isa = XCConfigurationList;
			buildConfigurations = (
				80B9ADAD1B84203C00479598 /* Debug */,
				80B9ADAE1B84203C00479598 /* Release */,
			);
			defaultConfigurationIsVisible = 0;
			defaultConfigurationName = Release;
		};
/* End XCConfigurationList section */
	};
	rootObject = 80B9AD821B84203B00479598 /* Project object */;
}
